// !$*UTF8*$!
{
	archiveVersion = 1;
	classes = {
	};
	objectVersion = 46;
	objects = {

/* Begin PBXBuildFile section */
		910201AD1CE87335003CFD75 /* AppDelegate.swift in Sources */ = {isa = PBXBuildFile; fileRef = 910201AC1CE87335003CFD75 /* AppDelegate.swift */; };
		910201AF1CE87335003CFD75 /* ViewController.swift in Sources */ = {isa = PBXBuildFile; fileRef = 910201AE1CE87335003CFD75 /* ViewController.swift */; };
		910201B21CE87335003CFD75 /* Main.storyboard in Resources */ = {isa = PBXBuildFile; fileRef = 910201B01CE87335003CFD75 /* Main.storyboard */; };
		910201B41CE87335003CFD75 /* Assets.xcassets in Resources */ = {isa = PBXBuildFile; fileRef = 910201B31CE87335003CFD75 /* Assets.xcassets */; };
		910201B71CE87335003CFD75 /* LaunchScreen.storyboard in Resources */ = {isa = PBXBuildFile; fileRef = 910201B51CE87335003CFD75 /* LaunchScreen.storyboard */; };
		910201C31CE8735C003CFD75 /* Color.m in Sources */ = {isa = PBXBuildFile; fileRef = 910201C01CE8735C003CFD75 /* Color.m */; };
		910201C41CE8735C003CFD75 /* NextViewController.m in Sources */ = {isa = PBXBuildFile; fileRef = 910201C21CE8735C003CFD75 /* NextViewController.m */; };
/* End PBXBuildFile section */

/* Begin PBXFileReference section */
		910201A91CE87335003CFD75 /* OCToSwiftDemo.app */ = {isa = PBXFileReference; explicitFileType = wrapper.application; includeInIndex = 0; path = OCToSwiftDemo.app; sourceTree = BUILT_PRODUCTS_DIR; };
		910201AC1CE87335003CFD75 /* AppDelegate.swift */ = {isa = PBXFileReference; lastKnownFileType = sourcecode.swift; path = AppDelegate.swift; sourceTree = "<group>"; };
		910201AE1CE87335003CFD75 /* ViewController.swift */ = {isa = PBXFileReference; lastKnownFileType = sourcecode.swift; path = ViewController.swift; sourceTree = "<group>"; };
		910201B11CE87335003CFD75 /* Base */ = {isa = PBXFileReference; lastKnownFileType = file.storyboard; name = Base; path = Base.lproj/Main.storyboard; sourceTree = "<group>"; };
		910201B31CE87335003CFD75 /* Assets.xcassets */ = {isa = PBXFileReference; lastKnownFileType = folder.assetcatalog; path = Assets.xcassets; sourceTree = "<group>"; };
		910201B61CE87335003CFD75 /* Base */ = {isa = PBXFileReference; lastKnownFileType = file.storyboard; name = Base; path = Base.lproj/LaunchScreen.storyboard; sourceTree = "<group>"; };
		910201B81CE87335003CFD75 /* Info.plist */ = {isa = PBXFileReference; lastKnownFileType = text.plist.xml; path = Info.plist; sourceTree = "<group>"; };
		910201BE1CE8735C003CFD75 /* OCToSwiftDemo-Bridging-Header.h */ = {isa = PBXFileReference; lastKnownFileType = sourcecode.c.h; path = "OCToSwiftDemo-Bridging-Header.h"; sourceTree = "<group>"; };
		910201BF1CE8735C003CFD75 /* Color.h */ = {isa = PBXFileReference; fileEncoding = 4; lastKnownFileType = sourcecode.c.h; path = Color.h; sourceTree = "<group>"; };
		910201C01CE8735C003CFD75 /* Color.m */ = {isa = PBXFileReference; fileEncoding = 4; lastKnownFileType = sourcecode.c.objc; path = Color.m; sourceTree = "<group>"; };
		910201C11CE8735C003CFD75 /* NextViewController.h */ = {isa = PBXFileReference; fileEncoding = 4; lastKnownFileType = sourcecode.c.h; path = NextViewController.h; sourceTree = "<group>"; };
		910201C21CE8735C003CFD75 /* NextViewController.m */ = {isa = PBXFileReference; fileEncoding = 4; lastKnownFileType = sourcecode.c.objc; path = NextViewController.m; sourceTree = "<group>"; };
/* End PBXFileReference section */

/* Begin PBXFrameworksBuildPhase section */
		910201A61CE87335003CFD75 /* Frameworks */ = {
			isa = PBXFrameworksBuildPhase;
			buildActionMask = 2147483647;
			files = (
			);
			runOnlyForDeploymentPostprocessing = 0;
		};
/* End PBXFrameworksBuildPhase section */

/* Begin PBXGroup section */
		910201A01CE87335003CFD75 = {
			isa = PBXGroup;
			children = (
				910201AB1CE87335003CFD75 /* OCToSwiftDemo */,
				910201AA1CE87335003CFD75 /* Products */,
			);
			sourceTree = "<group>";
		};
		910201AA1CE87335003CFD75 /* Products */ = {
			isa = PBXGroup;
			children = (
				910201A91CE87335003CFD75 /* OCToSwiftDemo.app */,
			);
			name = Products;
			sourceTree = "<group>";
		};
		910201AB1CE87335003CFD75 /* OCToSwiftDemo */ = {
			isa = PBXGroup;
			children = (
				910201AC1CE87335003CFD75 /* AppDelegate.swift */,
				910201AE1CE87335003CFD75 /* ViewController.swift */,
				910201BF1CE8735C003CFD75 /* Color.h */,
				910201C01CE8735C003CFD75 /* Color.m */,
				910201C11CE8735C003CFD75 /* NextViewController.h */,
				910201C21CE8735C003CFD75 /* NextViewController.m */,
				910201B01CE87335003CFD75 /* Main.storyboard */,
				910201B31CE87335003CFD75 /* Assets.xcassets */,
				910201B51CE87335003CFD75 /* LaunchScreen.storyboard */,
				910201B81CE87335003CFD75 /* Info.plist */,
				910201BE1CE8735C003CFD75 /* OCToSwiftDemo-Bridging-Header.h */,
			);
			path = OCToSwiftDemo;
			sourceTree = "<group>";
		};
/* End PBXGroup section */

/* Begin PBXNativeTarget section */
		910201A81CE87335003CFD75 /* OCToSwiftDemo */ = {
			isa = PBXNativeTarget;
			buildConfigurationList = 910201BB1CE87335003CFD75 /* Build configuration list for PBXNativeTarget "OCToSwiftDemo" */;
			buildPhases = (
				910201A51CE87335003CFD75 /* Sources */,
				910201A61CE87335003CFD75 /* Frameworks */,
				910201A71CE87335003CFD75 /* Resources */,
			);
			buildRules = (
			);
			dependencies = (
			);
			name = OCToSwiftDemo;
			productName = OCToSwiftDemo;
			productReference = 910201A91CE87335003CFD75 /* OCToSwiftDemo.app */;
			productType = "com.apple.product-type.application";
		};
/* End PBXNativeTarget section */

/* Begin PBXProject section */
		910201A11CE87335003CFD75 /* Project object */ = {
			isa = PBXProject;
			attributes = {
				LastSwiftUpdateCheck = 0730;
				LastUpgradeCheck = 0830;
				ORGANIZATIONNAME = yjpal;
				TargetAttributes = {
					910201A81CE87335003CFD75 = {
						CreatedOnToolsVersion = 7.3;
						LastSwiftMigration = 0830;
					};
				};
			};
			buildConfigurationList = 910201A41CE87335003CFD75 /* Build configuration list for PBXProject "OCToSwiftDemo" */;
			compatibilityVersion = "Xcode 3.2";
			developmentRegion = English;
			hasScannedForEncodings = 0;
			knownRegions = (
				en,
				Base,
			);
			mainGroup = 910201A01CE87335003CFD75;
			productRefGroup = 910201AA1CE87335003CFD75 /* Products */;
			projectDirPath = "";
			projectRoot = "";
			targets = (
				910201A81CE87335003CFD75 /* OCToSwiftDemo */,
			);
		};
/* End PBXProject section */

/* Begin PBXResourcesBuildPhase section */
		910201A71CE87335003CFD75 /* Resources */ = {
			isa = PBXResourcesBuildPhase;
			buildActionMask = 2147483647;
			files = (
				910201B71CE87335003CFD75 /* LaunchScreen.storyboard in Resources */,
				910201B41CE87335003CFD75 /* Assets.xcassets in Resources */,
				910201B21CE87335003CFD75 /* Main.storyboard in Resources */,
			);
			runOnlyForDeploymentPostprocessing = 0;
		};
/* End PBXResourcesBuildPhase section */

/* Begin PBXSourcesBuildPhase section */
		910201A51CE87335003CFD75 /* Sources */ = {
			isa = PBXSourcesBuildPhase;
			buildActionMask = 2147483647;
			files = (
				910201C31CE8735C003CFD75 /* Color.m in Sources */,
				910201C41CE8735C003CFD75 /* NextViewController.m in Sources */,
				910201AF1CE87335003CFD75 /* ViewController.swift in Sources */,
				910201AD1CE87335003CFD75 /* AppDelegate.swift in Sources */,
			);
			runOnlyForDeploymentPostprocessing = 0;
		};
/* End PBXSourcesBuildPhase section */

/* Begin PBXVariantGroup section */
		910201B01CE87335003CFD75 /* Main.storyboard */ = {
			isa = PBXVariantGroup;
			children = (
				910201B11CE87335003CFD75 /* Base */,
			);
			name = Main.storyboard;
			sourceTree = "<group>";
		};
		910201B51CE87335003CFD75 /* LaunchScreen.storyboard */ = {
			isa = PBXVariantGroup;
			children = (
				910201B61CE87335003CFD75 /* Base */,
			);
			name = LaunchScreen.storyboard;
			sourceTree = "<group>";
		};
/* End PBXVariantGroup section */

/* Begin XCBuildConfiguration section */
		910201B91CE87335003CFD75 /* Debug */ = {
			isa = XCBuildConfiguration;
			buildSettings = {
				ALWAYS_SEARCH_USER_PATHS = NO;
				CLANG_ANALYZER_NONNULL = YES;
				CLANG_CXX_LANGUAGE_STANDARD = "gnu++0x";
				CLANG_CXX_LIBRARY = "libc++";
				CLANG_ENABLE_MODULES = YES;
				CLANG_ENABLE_OBJC_ARC = YES;
				CLANG_WARN_BOOL_CONVERSION = YES;
				CLANG_WARN_CONSTANT_CONVERSION = YES;
				CLANG_WARN_DIRECT_OBJC_ISA_USAGE = YES_ERROR;
				CLANG_WARN_EMPTY_BODY = YES;
				CLANG_WARN_ENUM_CONVERSION = YES;
				CLANG_WARN_INFINITE_RECURSION = YES;
				CLANG_WARN_INT_CONVERSION = YES;
				CLANG_WARN_OBJC_ROOT_CLASS = YES_ERROR;
				CLANG_WARN_SUSPICIOUS_MOVE = YES;
				CLANG_WARN_UNREACHABLE_CODE = YES;
				CLANG_WARN__DUPLICATE_METHOD_MATCH = YES;
				"CODE_SIGN_IDENTITY[sdk=iphoneos*]" = "iPhone Developer";
				COPY_PHASE_STRIP = NO;
				DEBUG_INFORMATION_FORMAT = dwarf;
				ENABLE_STRICT_OBJC_MSGSEND = YES;
				ENABLE_TESTABILITY = YES;
				GCC_C_LANGUAGE_STANDARD = gnu99;
				GCC_DYNAMIC_NO_PIC = NO;
				GCC_NO_COMMON_BLOCKS = YES;
				GCC_OPTIMIZATION_LEVEL = 0;
				GCC_PREPROCESSOR_DEFINITIONS = (
					"DEBUG=1",
					"$(inherited)",
				);
				GCC_WARN_64_TO_32_BIT_CONVERSION = YES;
				GCC_WARN_ABOUT_RETURN_TYPE = YES_ERROR;
				GCC_WARN_UNDECLARED_SELECTOR = YES;
				GCC_WARN_UNINITIALIZED_AUTOS = YES_AGGRESSIVE;
				GCC_WARN_UNUSED_FUNCTION = YES;
				GCC_WARN_UNUSED_VARIABLE = YES;
				IPHONEOS_DEPLOYMENT_TARGET = 9.3;
				MTL_ENABLE_DEBUG_INFO = YES;
				ONLY_ACTIVE_ARCH = YES;
				SDKROOT = iphoneos;
				SWIFT_OPTIMIZATION_LEVEL = "-Onone";
			};
			name = Debug;
		};
		910201BA1CE87335003CFD75 /* Release */ = {
			isa = XCBuildConfiguration;
			buildSettings = {
				ALWAYS_SEARCH_USER_PATHS = NO;
				CLANG_ANALYZER_NONNULL = YES;
				CLANG_CXX_LANGUAGE_STANDARD = "gnu++0x";
				CLANG_CXX_LIBRARY = "libc++";
				CLANG_ENABLE_MODULES = YES;
				CLANG_ENABLE_OBJC_ARC = YES;
				CLANG_WARN_BOOL_CONVERSION = YES;
				CLANG_WARN_CONSTANT_CONVERSION = YES;
				CLANG_WARN_DIRECT_OBJC_ISA_USAGE = YES_ERROR;
				CLANG_WARN_EMPTY_BODY = YES;
				CLANG_WARN_ENUM_CONVERSION = YES;
				CLANG_WARN_INFINITE_RECURSION = YES;
				CLANG_WARN_INT_CONVERSION = YES;
				CLANG_WARN_OBJC_ROOT_CLASS = YES_ERROR;
				CLANG_WARN_SUSPICIOUS_MOVE = YES;
				CLANG_WARN_UNREACHABLE_CODE = YES;
				CLANG_WARN__DUPLICATE_METHOD_MATCH = YES;
				"CODE_SIGN_IDENTITY[sdk=iphoneos*]" = "iPhone Developer";
				COPY_PHASE_STRIP = NO;
				DEBUG_INFORMATION_FORMAT = "dwarf-with-dsym";
				ENABLE_NS_ASSERTIONS = NO;
				ENABLE_STRICT_OBJC_MSGSEND = YES;
				GCC_C_LANGUAGE_STANDARD = gnu99;
				GCC_NO_COMMON_BLOCKS = YES;
				GCC_WARN_64_TO_32_BIT_CONVERSION = YES;
				GCC_WARN_ABOUT_RETURN_TYPE = YES_ERROR;
				GCC_WARN_UNDECLARED_SELECTOR = YES;
				GCC_WARN_UNINITIALIZED_AUTOS = YES_AGGRESSIVE;
				GCC_WARN_UNUSED_FUNCTION = YES;
				GCC_WARN_UNUSED_VARIABLE = YES;
				IPHONEOS_DEPLOYMENT_TARGET = 9.3;
				MTL_ENABLE_DEBUG_INFO = NO;
				SDKROOT = iphoneos;
				SWIFT_OPTIMIZATION_LEVEL = "-Owholemodule";
				VALIDATE_PRODUCT = YES;
			};
			name = Release;
		};
		910201BC1CE87335003CFD75 /* Debug */ = {
			isa = XCBuildConfiguration;
			buildSettings = {
				ASSETCATALOG_COMPILER_APPICON_NAME = AppIcon;
				CLANG_ENABLE_MODULES = YES;
				INFOPLIST_FILE = OCToSwiftDemo/Info.plist;
				LD_RUNPATH_SEARCH_PATHS = "$(inherited) @executable_path/Frameworks";
				PRODUCT_BUNDLE_IDENTIFIER = com.yjpal.OCToSwiftDemo;
				PRODUCT_NAME = "$(TARGET_NAME)";
				SWIFT_OBJC_BRIDGING_HEADER = "OCToSwiftDemo/OCToSwiftDemo-Bridging-Header.h";
				SWIFT_OPTIMIZATION_LEVEL = "-Onone";
				SWIFT_VERSION = 3.0;
			};
			name = Debug;
		};
		910201BD1CE87335003CFD75 /* Release */ = {
			isa = XCBuildConfiguration;
			buildSettings = {
				ASSETCATALOG_COMPILER_APPICON_NAME = AppIcon;
				CLANG_ENABLE_MODULES = YES;
				INFOPLIST_FILE = OCToSwiftDemo/Info.plist;
				LD_RUNPATH_SEARCH_PATHS = "$(inherited) @executable_path/Frameworks";
				PRODUCT_BUNDLE_IDENTIFIER = com.yjpal.OCToSwiftDemo;
				PRODUCT_NAME = "$(TARGET_NAME)";
				SWIFT_OBJC_BRIDGING_HEADER = "OCToSwiftDemo/OCToSwiftDemo-Bridging-Header.h";
				SWIFT_VERSION = 3.0;
			};
			name = Release;
		};
/* End XCBuildConfiguration section */

/* Begin XCConfigurationList section */
		910201A41CE87335003CFD75 /* Build configuration list for PBXProject "OCToSwiftDemo" */ = {
			isa = XCConfigurationList;
			buildConfigurations = (
				910201B91CE87335003CFD75 /* Debug */,
				910201BA1CE87335003CFD75 /* Release */,
			);
			defaultConfigurationIsVisible = 0;
			defaultConfigurationName = Release;
		};
		910201BB1CE87335003CFD75 /* Build configuration list for PBXNativeTarget "OCToSwiftDemo" */ = {
			isa = XCConfigurationList;
			buildConfigurations = (
				910201BC1CE87335003CFD75 /* Debug */,
				910201BD1CE87335003CFD75 /* Release */,
			);
			defaultConfigurationIsVisible = 0;
			defaultConfigurationName = Release;
		};
/* End XCConfigurationList section */
	};
	rootObject = 910201A11CE87335003CFD75 /* Project object */;
}
