// !$*UTF8*$!
{
	archiveVersion = 1;
	classes = {
	};
	objectVersion = 46;
	objects = {

/* Begin PBXBuildFile section */
		910201841CE87223003CFD75 /* main.m in Sources */ = {isa = PBXBuildFile; fileRef = 910201831CE87223003CFD75 /* main.m */; };
		910201871CE87223003CFD75 /* AppDelegate.m in Sources */ = {isa = PBXBuildFile; fileRef = 910201861CE87223003CFD75 /* AppDelegate.m */; };
		9102018A1CE87223003CFD75 /* ViewController.m in Sources */ = {isa = PBXBuildFile; fileRef = 910201891CE87223003CFD75 /* ViewController.m */; };
		9102018D1CE87223003CFD75 /* Main.storyboard in Resources */ = {isa = PBXBuildFile; fileRef = 9102018B1CE87223003CFD75 /* Main.storyboard */; };
		9102018F1CE87223003CFD75 /* Assets.xcassets in Resources */ = {isa = PBXBuildFile; fileRef = 9102018E1CE87223003CFD75 /* Assets.xcassets */; };
		910201921CE87223003CFD75 /* LaunchScreen.storyboard in Resources */ = {isa = PBXBuildFile; fileRef = 910201901CE87223003CFD75 /* LaunchScreen.storyboard */; };
		9102019D1CE8723D003CFD75 /* MyViewController.swift in Sources */ = {isa = PBXBuildFile; fileRef = 9102019A1CE8723D003CFD75 /* MyViewController.swift */; };
		9102019E1CE8723D003CFD75 /* OOO.swift in Sources */ = {isa = PBXBuildFile; fileRef = 9102019B1CE8723D003CFD75 /* OOO.swift */; };
		9102019F1CE8723D003CFD75 /* Test.swift in Sources */ = {isa = PBXBuildFile; fileRef = 9102019C1CE8723D003CFD75 /* Test.swift */; };
/* End PBXBuildFile section */

/* Begin PBXFileReference section */
		9102017F1CE87223003CFD75 /* SwiftToOCDemo.app */ = {isa = PBXFileReference; explicitFileType = wrapper.application; includeInIndex = 0; path = SwiftToOCDemo.app; sourceTree = BUILT_PRODUCTS_DIR; };
		910201831CE87223003CFD75 /* main.m */ = {isa = PBXFileReference; lastKnownFileType = sourcecode.c.objc; path = main.m; sourceTree = "<group>"; };
		910201851CE87223003CFD75 /* AppDelegate.h */ = {isa = PBXFileReference; lastKnownFileType = sourcecode.c.h; path = AppDelegate.h; sourceTree = "<group>"; };
		910201861CE87223003CFD75 /* AppDelegate.m */ = {isa = PBXFileReference; lastKnownFileType = sourcecode.c.objc; path = AppDelegate.m; sourceTree = "<group>"; };
		910201881CE87223003CFD75 /* ViewController.h */ = {isa = PBXFileReference; lastKnownFileType = sourcecode.c.h; path = ViewController.h; sourceTree = "<group>"; };
		910201891CE87223003CFD75 /* ViewController.m */ = {isa = PBXFileReference; lastKnownFileType = sourcecode.c.objc; path = ViewController.m; sourceTree = "<group>"; };
		9102018C1CE87223003CFD75 /* Base */ = {isa = PBXFileReference; lastKnownFileType = file.storyboard; name = Base; path = Base.lproj/Main.storyboard; sourceTree = "<group>"; };
		9102018E1CE87223003CFD75 /* Assets.xcassets */ = {isa = PBXFileReference; lastKnownFileType = folder.assetcatalog; path = Assets.xcassets; sourceTree = "<group>"; };
		910201911CE87223003CFD75 /* Base */ = {isa = PBXFileReference; lastKnownFileType = file.storyboard; name = Base; path = Base.lproj/LaunchScreen.storyboard; sourceTree = "<group>"; };
		910201931CE87223003CFD75 /* Info.plist */ = {isa = PBXFileReference; lastKnownFileType = text.plist.xml; path = Info.plist; sourceTree = "<group>"; };
		910201991CE8723C003CFD75 /* SwiftToOCDemo-Bridging-Header.h */ = {isa = PBXFileReference; lastKnownFileType = sourcecode.c.h; path = "SwiftToOCDemo-Bridging-Header.h"; sourceTree = "<group>"; };
		9102019A1CE8723D003CFD75 /* MyViewController.swift */ = {isa = PBXFileReference; fileEncoding = 4; lastKnownFileType = sourcecode.swift; path = MyViewController.swift; sourceTree = "<group>"; };
		9102019B1CE8723D003CFD75 /* OOO.swift */ = {isa = PBXFileReference; fileEncoding = 4; lastKnownFileType = sourcecode.swift; path = OOO.swift; sourceTree = "<group>"; };
		9102019C1CE8723D003CFD75 /* Test.swift */ = {isa = PBXFileReference; fileEncoding = 4; lastKnownFileType = sourcecode.swift; path = Test.swift; sourceTree = "<group>"; };
/* End PBXFileReference section */

/* Begin PBXFrameworksBuildPhase section */
		9102017C1CE87223003CFD75 /* Frameworks */ = {
			isa = PBXFrameworksBuildPhase;
			buildActionMask = 2147483647;
			files = (
			);
			runOnlyForDeploymentPostprocessing = 0;
		};
/* End PBXFrameworksBuildPhase section */

/* Begin PBXGroup section */
		910201761CE87223003CFD75 = {
			isa = PBXGroup;
			children = (
				910201811CE87223003CFD75 /* SwiftToOCDemo */,
				910201801CE87223003CFD75 /* Products */,
			);
			sourceTree = "<group>";
		};
		910201801CE87223003CFD75 /* Products */ = {
			isa = PBXGroup;
			children = (
				9102017F1CE87223003CFD75 /* SwiftToOCDemo.app */,
			);
			name = Products;
			sourceTree = "<group>";
		};
		910201811CE87223003CFD75 /* SwiftToOCDemo */ = {
			isa = PBXGroup;
			children = (
				910201851CE87223003CFD75 /* AppDelegate.h */,
				910201861CE87223003CFD75 /* AppDelegate.m */,
				910201881CE87223003CFD75 /* ViewController.h */,
				910201891CE87223003CFD75 /* ViewController.m */,
				9102018B1CE87223003CFD75 /* Main.storyboard */,
				9102019A1CE8723D003CFD75 /* MyViewController.swift */,
				9102019B1CE8723D003CFD75 /* OOO.swift */,
				9102019C1CE8723D003CFD75 /* Test.swift */,
				9102018E1CE87223003CFD75 /* Assets.xcassets */,
				910201901CE87223003CFD75 /* LaunchScreen.storyboard */,
				910201931CE87223003CFD75 /* Info.plist */,
				910201821CE87223003CFD75 /* Supporting Files */,
				910201991CE8723C003CFD75 /* SwiftToOCDemo-Bridging-Header.h */,
			);
			path = SwiftToOCDemo;
			sourceTree = "<group>";
		};
		910201821CE87223003CFD75 /* Supporting Files */ = {
			isa = PBXGroup;
			children = (
				910201831CE87223003CFD75 /* main.m */,
			);
			name = "Supporting Files";
			sourceTree = "<group>";
		};
/* End PBXGroup section */

/* Begin PBXNativeTarget section */
		9102017E1CE87223003CFD75 /* SwiftToOCDemo */ = {
			isa = PBXNativeTarget;
			buildConfigurationList = 910201961CE87223003CFD75 /* Build configuration list for PBXNativeTarget "SwiftToOCDemo" */;
			buildPhases = (
				9102017B1CE87223003CFD75 /* Sources */,
				9102017C1CE87223003CFD75 /* Frameworks */,
				9102017D1CE87223003CFD75 /* Resources */,
			);
			buildRules = (
			);
			dependencies = (
			);
			name = SwiftToOCDemo;
			productName = SwiftToOCDemo;
			productReference = 9102017F1CE87223003CFD75 /* SwiftToOCDemo.app */;
			productType = "com.apple.product-type.application";
		};
/* End PBXNativeTarget section */

/* Begin PBXProject section */
		910201771CE87223003CFD75 /* Project object */ = {
			isa = PBXProject;
			attributes = {
				LastUpgradeCheck = 0830;
				ORGANIZATIONNAME = yjpal;
				TargetAttributes = {
					9102017E1CE87223003CFD75 = {
						CreatedOnToolsVersion = 7.3;
						LastSwiftMigration = 0830;
					};
				};
			};
			buildConfigurationList = 9102017A1CE87223003CFD75 /* Build configuration list for PBXProject "SwiftToOCDemo" */;
			compatibilityVersion = "Xcode 3.2";
			developmentRegion = English;
			hasScannedForEncodings = 0;
			knownRegions = (
				en,
				Base,
			);
			mainGroup = 910201761CE87223003CFD75;
			productRefGroup = 910201801CE87223003CFD75 /* Products */;
			projectDirPath = "";
			projectRoot = "";
			targets = (
				9102017E1CE87223003CFD75 /* SwiftToOCDemo */,
			);
		};
/* End PBXProject section */

/* Begin PBXResourcesBuildPhase section */
		9102017D1CE87223003CFD75 /* Resources */ = {
			isa = PBXResourcesBuildPhase;
			buildActionMask = 2147483647;
			files = (
				910201921CE87223003CFD75 /* LaunchScreen.storyboard in Resources */,
				9102018F1CE87223003CFD75 /* Assets.xcassets in Resources */,
				9102018D1CE87223003CFD75 /* Main.storyboard in Resources */,
			);
			runOnlyForDeploymentPostprocessing = 0;
		};
/* End PBXResourcesBuildPhase section */

/* Begin PBXSourcesBuildPhase section */
		9102017B1CE87223003CFD75 /* Sources */ = {
			isa = PBXSourcesBuildPhase;
			buildActionMask = 2147483647;
			files = (
				9102018A1CE87223003CFD75 /* ViewController.m in Sources */,
				910201871CE87223003CFD75 /* AppDelegate.m in Sources */,
				9102019D1CE8723D003CFD75 /* MyViewController.swift in Sources */,
				910201841CE87223003CFD75 /* main.m in Sources */,
				9102019E1CE8723D003CFD75 /* OOO.swift in Sources */,
				9102019F1CE8723D003CFD75 /* Test.swift in Sources */,
			);
			runOnlyForDeploymentPostprocessing = 0;
		};
/* End PBXSourcesBuildPhase section */

/* Begin PBXVariantGroup section */
		9102018B1CE87223003CFD75 /* Main.storyboard */ = {
			isa = PBXVariantGroup;
			children = (
				9102018C1CE87223003CFD75 /* Base */,
			);
			name = Main.storyboard;
			sourceTree = "<group>";
		};
		910201901CE87223003CFD75 /* LaunchScreen.storyboard */ = {
			isa = PBXVariantGroup;
			children = (
				910201911CE87223003CFD75 /* Base */,
			);
			name = LaunchScreen.storyboard;
			sourceTree = "<group>";
		};
/* End PBXVariantGroup section */

/* Begin XCBuildConfiguration section */
		910201941CE87223003CFD75 /* Debug */ = {
			isa = XCBuildConfiguration;
			buildSettings = {
				ALWAYS_SEARCH_USER_PATHS = NO;
				CLANG_ANALYZER_NONNULL = YES;
				CLANG_CXX_LANGUAGE_STANDARD = "gnu++0x";
				CLANG_CXX_LIBRARY = "libc++";
				CLANG_ENABLE_MODULES = YES;
				CLANG_ENABLE_OBJC_ARC = YES;
				CLANG_WARN_BOOL_CONVERSION = YES;
				CLANG_WARN_CONSTANT_CONVERSION = YES;
				CLANG_WARN_DIRECT_OBJC_ISA_USAGE = YES_ERROR;
				CLANG_WARN_EMPTY_BODY = YES;
				CLANG_WARN_ENUM_CONVERSION = YES;
				CLANG_WARN_INFINITE_RECURSION = YES;
				CLANG_WARN_INT_CONVERSION = YES;
				CLANG_WARN_OBJC_ROOT_CLASS = YES_ERROR;
				CLANG_WARN_SUSPICIOUS_MOVE = YES;
				CLANG_WARN_UNREACHABLE_CODE = YES;
				CLANG_WARN__DUPLICATE_METHOD_MATCH = YES;
				"CODE_SIGN_IDENTITY[sdk=iphoneos*]" = "iPhone Developer";
				COPY_PHASE_STRIP = NO;
				DEBUG_INFORMATION_FORMAT = dwarf;
				ENABLE_STRICT_OBJC_MSGSEND = YES;
				ENABLE_TESTABILITY = YES;
				GCC_C_LANGUAGE_STANDARD = gnu99;
				GCC_DYNAMIC_NO_PIC = NO;
				GCC_NO_COMMON_BLOCKS = YES;
				GCC_OPTIMIZATION_LEVEL = 0;
				GCC_PREPROCESSOR_DEFINITIONS = (
					"DEBUG=1",
					"$(inherited)",
				);
				GCC_WARN_64_TO_32_BIT_CONVERSION = YES;
				GCC_WARN_ABOUT_RETURN_TYPE = YES_ERROR;
				GCC_WARN_UNDECLARED_SELECTOR = YES;
				GCC_WARN_UNINITIALIZED_AUTOS = YES_AGGRESSIVE;
				GCC_WARN_UNUSED_FUNCTION = YES;
				GCC_WARN_UNUSED_VARIABLE = YES;
				IPHONEOS_DEPLOYMENT_TARGET = 9.3;
				MTL_ENABLE_DEBUG_INFO = YES;
				ONLY_ACTIVE_ARCH = YES;
				SDKROOT = iphoneos;
			};
			name = Debug;
		};
		910201951CE87223003CFD75 /* Release */ = {
			isa = XCBuildConfiguration;
			buildSettings = {
				ALWAYS_SEARCH_USER_PATHS = NO;
				CLANG_ANALYZER_NONNULL = YES;
				CLANG_CXX_LANGUAGE_STANDARD = "gnu++0x";
				CLANG_CXX_LIBRARY = "libc++";
				CLANG_ENABLE_MODULES = YES;
				CLANG_ENABLE_OBJC_ARC = YES;
				CLANG_WARN_BOOL_CONVERSION = YES;
				CLANG_WARN_CONSTANT_CONVERSION = YES;
				CLANG_WARN_DIRECT_OBJC_ISA_USAGE = YES_ERROR;
				CLANG_WARN_EMPTY_BODY = YES;
				CLANG_WARN_ENUM_CONVERSION = YES;
				CLANG_WARN_INFINITE_RECURSION = YES;
				CLANG_WARN_INT_CONVERSION = YES;
				CLANG_WARN_OBJC_ROOT_CLASS = YES_ERROR;
				CLANG_WARN_SUSPICIOUS_MOVE = YES;
				CLANG_WARN_UNREACHABLE_CODE = YES;
				CLANG_WARN__DUPLICATE_METHOD_MATCH = YES;
				"CODE_SIGN_IDENTITY[sdk=iphoneos*]" = "iPhone Developer";
				COPY_PHASE_STRIP = NO;
				DEBUG_INFORMATION_FORMAT = "dwarf-with-dsym";
				ENABLE_NS_ASSERTIONS = NO;
				ENABLE_STRICT_OBJC_MSGSEND = YES;
				GCC_C_LANGUAGE_STANDARD = gnu99;
				GCC_NO_COMMON_BLOCKS = YES;
				GCC_WARN_64_TO_32_BIT_CONVERSION = YES;
				GCC_WARN_ABOUT_RETURN_TYPE = YES_ERROR;
				GCC_WARN_UNDECLARED_SELECTOR = YES;
				GCC_WARN_UNINITIALIZED_AUTOS = YES_AGGRESSIVE;
				GCC_WARN_UNUSED_FUNCTION = YES;
				GCC_WARN_UNUSED_VARIABLE = YES;
				IPHONEOS_DEPLOYMENT_TARGET = 9.3;
				MTL_ENABLE_DEBUG_INFO = NO;
				SDKROOT = iphoneos;
				SWIFT_OPTIMIZATION_LEVEL = "-Owholemodule";
				VALIDATE_PRODUCT = YES;
			};
			name = Release;
		};
		910201971CE87223003CFD75 /* Debug */ = {
			isa = XCBuildConfiguration;
			buildSettings = {
				ASSETCATALOG_COMPILER_APPICON_NAME = AppIcon;
				CLANG_ENABLE_MODULES = YES;
				INFOPLIST_FILE = SwiftToOCDemo/Info.plist;
				LD_RUNPATH_SEARCH_PATHS = "$(inherited) @executable_path/Frameworks";
				PRODUCT_BUNDLE_IDENTIFIER = com.yjpal.SwiftToOCDemo;
				PRODUCT_NAME = "$(TARGET_NAME)";
				SWIFT_OBJC_BRIDGING_HEADER = "SwiftToOCDemo/SwiftToOCDemo-Bridging-Header.h";
				SWIFT_OPTIMIZATION_LEVEL = "-Onone";
				SWIFT_VERSION = 3.0;
			};
			name = Debug;
		};
		910201981CE87223003CFD75 /* Release */ = {
			isa = XCBuildConfiguration;
			buildSettings = {
				ASSETCATALOG_COMPILER_APPICON_NAME = AppIcon;
				CLANG_ENABLE_MODULES = YES;
				INFOPLIST_FILE = SwiftToOCDemo/Info.plist;
				LD_RUNPATH_SEARCH_PATHS = "$(inherited) @executable_path/Frameworks";
				PRODUCT_BUNDLE_IDENTIFIER = com.yjpal.SwiftToOCDemo;
				PRODUCT_NAME = "$(TARGET_NAME)";
				SWIFT_OBJC_BRIDGING_HEADER = "SwiftToOCDemo/SwiftToOCDemo-Bridging-Header.h";
				SWIFT_VERSION = 3.0;
			};
			name = Release;
		};
/* End XCBuildConfiguration section */

/* Begin XCConfigurationList section */
		9102017A1CE87223003CFD75 /* Build configuration list for PBXProject "SwiftToOCDemo" */ = {
			isa = XCConfigurationList;
			buildConfigurations = (
				910201941CE87223003CFD75 /* Debug */,
				910201951CE87223003CFD75 /* Release */,
			);
			defaultConfigurationIsVisible = 0;
			defaultConfigurationName = Release;
		};
		910201961CE87223003CFD75 /* Build configuration list for PBXNativeTarget "SwiftToOCDemo" */ = {
			isa = XCConfigurationList;
			buildConfigurations = (
				910201971CE87223003CFD75 /* Debug */,
				910201981CE87223003CFD75 /* Release */,
			);
			defaultConfigurationIsVisible = 0;
			defaultConfigurationName = Release;
		};
/* End XCConfigurationList section */
	};
	rootObject = 910201771CE87223003CFD75 /* Project object */;
}
