// !$*UTF8*$!
{
	archiveVersion = 1;
	classes = {
	};
	objectVersion = 50;
	objects = {

/* Begin PBXBuildFile section */
		91DB2CBB20F725390004CCCF /* AppDelegate.swift in Sources */ = {isa = PBXBuildFile; fileRef = 91DB2CBA20F725390004CCCF /* AppDelegate.swift */; };
		91DB2CBD20F725390004CCCF /* ViewController.swift in Sources */ = {isa = PBXBuildFile; fileRef = 91DB2CBC20F725390004CCCF /* ViewController.swift */; };
		91DB2CC020F725390004CCCF /* Main.storyboard in Resources */ = {isa = PBXBuildFile; fileRef = 91DB2CBE20F725390004CCCF /* Main.storyboard */; };
		91DB2CC220F7253B0004CCCF /* Assets.xcassets in Resources */ = {isa = PBXBuildFile; fileRef = 91DB2CC120F7253B0004CCCF /* Assets.xcassets */; };
		91DB2CC520F7253B0004CCCF /* LaunchScreen.storyboard in Resources */ = {isa = PBXBuildFile; fileRef = 91DB2CC320F7253B0004CCCF /* LaunchScreen.storyboard */; };
		91DB2CCE20F7267E0004CCCF /* PresentBottomController.swift in Sources */ = {isa = PBXBuildFile; fileRef = 91DB2CCD20F7267E0004CCCF /* PresentBottomController.swift */; };
		91DB2CD020F72CAE0004CCCF /* TestViewController.swift in Sources */ = {isa = PBXBuildFile; fileRef = 91DB2CCF20F72CAE0004CCCF /* TestViewController.swift */; };
/* End PBXBuildFile section */

/* Begin PBXFileReference section */
		91DB2CB720F725390004CCCF /* Pop.app */ = {isa = PBXFileReference; explicitFileType = wrapper.application; includeInIndex = 0; path = Pop.app; sourceTree = BUILT_PRODUCTS_DIR; };
		91DB2CBA20F725390004CCCF /* AppDelegate.swift */ = {isa = PBXFileReference; lastKnownFileType = sourcecode.swift; path = AppDelegate.swift; sourceTree = "<group>"; };
		91DB2CBC20F725390004CCCF /* ViewController.swift */ = {isa = PBXFileReference; lastKnownFileType = sourcecode.swift; path = ViewController.swift; sourceTree = "<group>"; };
		91DB2CBF20F725390004CCCF /* Base */ = {isa = PBXFileReference; lastKnownFileType = file.storyboard; name = Base; path = Base.lproj/Main.storyboard; sourceTree = "<group>"; };
		91DB2CC120F7253B0004CCCF /* Assets.xcassets */ = {isa = PBXFileReference; lastKnownFileType = folder.assetcatalog; path = Assets.xcassets; sourceTree = "<group>"; };
		91DB2CC420F7253B0004CCCF /* Base */ = {isa = PBXFileReference; lastKnownFileType = file.storyboard; name = Base; path = Base.lproj/LaunchScreen.storyboard; sourceTree = "<group>"; };
		91DB2CC620F7253B0004CCCF /* Info.plist */ = {isa = PBXFileReference; lastKnownFileType = text.plist.xml; path = Info.plist; sourceTree = "<group>"; };
		91DB2CCD20F7267E0004CCCF /* PresentBottomController.swift */ = {isa = PBXFileReference; lastKnownFileType = sourcecode.swift; path = PresentBottomController.swift; sourceTree = "<group>"; };
		91DB2CCF20F72CAE0004CCCF /* TestViewController.swift */ = {isa = PBXFileReference; lastKnownFileType = sourcecode.swift; path = TestViewController.swift; sourceTree = "<group>"; };
/* End PBXFileReference section */

/* Begin PBXFrameworksBuildPhase section */
		91DB2CB420F725390004CCCF /* Frameworks */ = {
			isa = PBXFrameworksBuildPhase;
			buildActionMask = 2147483647;
			files = (
			);
			runOnlyForDeploymentPostprocessing = 0;
		};
/* End PBXFrameworksBuildPhase section */

/* Begin PBXGroup section */
		91DB2CAE20F725390004CCCF = {
			isa = PBXGroup;
			children = (
				91DB2CB920F725390004CCCF /* Pop */,
				91DB2CB820F725390004CCCF /* Products */,
			);
			sourceTree = "<group>";
		};
		91DB2CB820F725390004CCCF /* Products */ = {
			isa = PBXGroup;
			children = (
				91DB2CB720F725390004CCCF /* Pop.app */,
			);
			name = Products;
			sourceTree = "<group>";
		};
		91DB2CB920F725390004CCCF /* Pop */ = {
			isa = PBXGroup;
			children = (
				91DB2CBA20F725390004CCCF /* AppDelegate.swift */,
				91DB2CBC20F725390004CCCF /* ViewController.swift */,
				91DB2CCC20F726450004CCCF /* PopViewController */,
				91DB2CBE20F725390004CCCF /* Main.storyboard */,
				91DB2CC120F7253B0004CCCF /* Assets.xcassets */,
				91DB2CC320F7253B0004CCCF /* LaunchScreen.storyboard */,
				91DB2CC620F7253B0004CCCF /* Info.plist */,
			);
			path = Pop;
			sourceTree = "<group>";
		};
		91DB2CCC20F726450004CCCF /* PopViewController */ = {
			isa = PBXGroup;
			children = (
				91DB2CCD20F7267E0004CCCF /* PresentBottomController.swift */,
				91DB2CCF20F72CAE0004CCCF /* TestViewController.swift */,
			);
			path = PopViewController;
			sourceTree = "<group>";
		};
/* End PBXGroup section */

/* Begin PBXNativeTarget section */
		91DB2CB620F725390004CCCF /* Pop */ = {
			isa = PBXNativeTarget;
			buildConfigurationList = 91DB2CC920F7253B0004CCCF /* Build configuration list for PBXNativeTarget "Pop" */;
			buildPhases = (
				91DB2CB320F725390004CCCF /* Sources */,
				91DB2CB420F725390004CCCF /* Frameworks */,
				91DB2CB520F725390004CCCF /* Resources */,
			);
			buildRules = (
			);
			dependencies = (
			);
			name = Pop;
			productName = Pop;
			productReference = 91DB2CB720F725390004CCCF /* Pop.app */;
			productType = "com.apple.product-type.application";
		};
/* End PBXNativeTarget section */

/* Begin PBXProject section */
		91DB2CAF20F725390004CCCF /* Project object */ = {
			isa = PBXProject;
			attributes = {
				LastSwiftUpdateCheck = 0930;
				LastUpgradeCheck = 0930;
				ORGANIZATIONNAME = xingl;
				TargetAttributes = {
					91DB2CB620F725390004CCCF = {
						CreatedOnToolsVersion = 9.3;
					};
				};
			};
			buildConfigurationList = 91DB2CB220F725390004CCCF /* Build configuration list for PBXProject "Pop" */;
			compatibilityVersion = "Xcode 9.3";
			developmentRegion = en;
			hasScannedForEncodings = 0;
			knownRegions = (
				en,
				Base,
			);
			mainGroup = 91DB2CAE20F725390004CCCF;
			productRefGroup = 91DB2CB820F725390004CCCF /* Products */;
			projectDirPath = "";
			projectRoot = "";
			targets = (
				91DB2CB620F725390004CCCF /* Pop */,
			);
		};
/* End PBXProject section */

/* Begin PBXResourcesBuildPhase section */
		91DB2CB520F725390004CCCF /* Resources */ = {
			isa = PBXResourcesBuildPhase;
			buildActionMask = 2147483647;
			files = (
				91DB2CC520F7253B0004CCCF /* LaunchScreen.storyboard in Resources */,
				91DB2CC220F7253B0004CCCF /* Assets.xcassets in Resources */,
				91DB2CC020F725390004CCCF /* Main.storyboard in Resources */,
			);
			runOnlyForDeploymentPostprocessing = 0;
		};
/* End PBXResourcesBuildPhase section */

/* Begin PBXSourcesBuildPhase section */
		91DB2CB320F725390004CCCF /* Sources */ = {
			isa = PBXSourcesBuildPhase;
			buildActionMask = 2147483647;
			files = (
				91DB2CBD20F725390004CCCF /* ViewController.swift in Sources */,
				91DB2CBB20F725390004CCCF /* AppDelegate.swift in Sources */,
				91DB2CD020F72CAE0004CCCF /* TestViewController.swift in Sources */,
				91DB2CCE20F7267E0004CCCF /* PresentBottomController.swift in Sources */,
			);
			runOnlyForDeploymentPostprocessing = 0;
		};
/* End PBXSourcesBuildPhase section */

/* Begin PBXVariantGroup section */
		91DB2CBE20F725390004CCCF /* Main.storyboard */ = {
			isa = PBXVariantGroup;
			children = (
				91DB2CBF20F725390004CCCF /* Base */,
			);
			name = Main.storyboard;
			sourceTree = "<group>";
		};
		91DB2CC320F7253B0004CCCF /* LaunchScreen.storyboard */ = {
			isa = PBXVariantGroup;
			children = (
				91DB2CC420F7253B0004CCCF /* Base */,
			);
			name = LaunchScreen.storyboard;
			sourceTree = "<group>";
		};
/* End PBXVariantGroup section */

/* Begin XCBuildConfiguration section */
		91DB2CC720F7253B0004CCCF /* Debug */ = {
			isa = XCBuildConfiguration;
			buildSettings = {
				ALWAYS_SEARCH_USER_PATHS = NO;
				CLANG_ANALYZER_NONNULL = YES;
				CLANG_ANALYZER_NUMBER_OBJECT_CONVERSION = YES_AGGRESSIVE;
				CLANG_CXX_LANGUAGE_STANDARD = "gnu++14";
				CLANG_CXX_LIBRARY = "libc++";
				CLANG_ENABLE_MODULES = YES;
				CLANG_ENABLE_OBJC_ARC = YES;
				CLANG_ENABLE_OBJC_WEAK = YES;
				CLANG_WARN_BLOCK_CAPTURE_AUTORELEASING = YES;
				CLANG_WARN_BOOL_CONVERSION = YES;
				CLANG_WARN_COMMA = YES;
				CLANG_WARN_CONSTANT_CONVERSION = YES;
				CLANG_WARN_DEPRECATED_OBJC_IMPLEMENTATIONS = YES;
				CLANG_WARN_DIRECT_OBJC_ISA_USAGE = YES_ERROR;
				CLANG_WARN_DOCUMENTATION_COMMENTS = YES;
				CLANG_WARN_EMPTY_BODY = YES;
				CLANG_WARN_ENUM_CONVERSION = YES;
				CLANG_WARN_INFINITE_RECURSION = YES;
				CLANG_WARN_INT_CONVERSION = YES;
				CLANG_WARN_NON_LITERAL_NULL_CONVERSION = YES;
				CLANG_WARN_OBJC_IMPLICIT_RETAIN_SELF = YES;
				CLANG_WARN_OBJC_LITERAL_CONVERSION = YES;
				CLANG_WARN_OBJC_ROOT_CLASS = YES_ERROR;
				CLANG_WARN_RANGE_LOOP_ANALYSIS = YES;
				CLANG_WARN_STRICT_PROTOTYPES = YES;
				CLANG_WARN_SUSPICIOUS_MOVE = YES;
				CLANG_WARN_UNGUARDED_AVAILABILITY = YES_AGGRESSIVE;
				CLANG_WARN_UNREACHABLE_CODE = YES;
				CLANG_WARN__DUPLICATE_METHOD_MATCH = YES;
				CODE_SIGN_IDENTITY = "iPhone Developer";
				COPY_PHASE_STRIP = NO;
				DEBUG_INFORMATION_FORMAT = dwarf;
				ENABLE_STRICT_OBJC_MSGSEND = YES;
				ENABLE_TESTABILITY = YES;
				GCC_C_LANGUAGE_STANDARD = gnu11;
				GCC_DYNAMIC_NO_PIC = NO;
				GCC_NO_COMMON_BLOCKS = YES;
				GCC_OPTIMIZATION_LEVEL = 0;
				GCC_PREPROCESSOR_DEFINITIONS = (
					"DEBUG=1",
					"$(inherited)",
				);
				GCC_WARN_64_TO_32_BIT_CONVERSION = YES;
				GCC_WARN_ABOUT_RETURN_TYPE = YES_ERROR;
				GCC_WARN_UNDECLARED_SELECTOR = YES;
				GCC_WARN_UNINITIALIZED_AUTOS = YES_AGGRESSIVE;
				GCC_WARN_UNUSED_FUNCTION = YES;
				GCC_WARN_UNUSED_VARIABLE = YES;
				IPHONEOS_DEPLOYMENT_TARGET = 11.3;
				MTL_ENABLE_DEBUG_INFO = YES;
				ONLY_ACTIVE_ARCH = YES;
				SDKROOT = iphoneos;
				SWIFT_ACTIVE_COMPILATION_CONDITIONS = DEBUG;
				SWIFT_OPTIMIZATION_LEVEL = "-Onone";
			};
			name = Debug;
		};
		91DB2CC820F7253B0004CCCF /* Release */ = {
			isa = XCBuildConfiguration;
			buildSettings = {
				ALWAYS_SEARCH_USER_PATHS = NO;
				CLANG_ANALYZER_NONNULL = YES;
				CLANG_ANALYZER_NUMBER_OBJECT_CONVERSION = YES_AGGRESSIVE;
				CLANG_CXX_LANGUAGE_STANDARD = "gnu++14";
				CLANG_CXX_LIBRARY = "libc++";
				CLANG_ENABLE_MODULES = YES;
				CLANG_ENABLE_OBJC_ARC = YES;
				CLANG_ENABLE_OBJC_WEAK = YES;
				CLANG_WARN_BLOCK_CAPTURE_AUTORELEASING = YES;
				CLANG_WARN_BOOL_CONVERSION = YES;
				CLANG_WARN_COMMA = YES;
				CLANG_WARN_CONSTANT_CONVERSION = YES;
				CLANG_WARN_DEPRECATED_OBJC_IMPLEMENTATIONS = YES;
				CLANG_WARN_DIRECT_OBJC_ISA_USAGE = YES_ERROR;
				CLANG_WARN_DOCUMENTATION_COMMENTS = YES;
				CLANG_WARN_EMPTY_BODY = YES;
				CLANG_WARN_ENUM_CONVERSION = YES;
				CLANG_WARN_INFINITE_RECURSION = YES;
				CLANG_WARN_INT_CONVERSION = YES;
				CLANG_WARN_NON_LITERAL_NULL_CONVERSION = YES;
				CLANG_WARN_OBJC_IMPLICIT_RETAIN_SELF = YES;
				CLANG_WARN_OBJC_LITERAL_CONVERSION = YES;
				CLANG_WARN_OBJC_ROOT_CLASS = YES_ERROR;
				CLANG_WARN_RANGE_LOOP_ANALYSIS = YES;
				CLANG_WARN_STRICT_PROTOTYPES = YES;
				CLANG_WARN_SUSPICIOUS_MOVE = YES;
				CLANG_WARN_UNGUARDED_AVAILABILITY = YES_AGGRESSIVE;
				CLANG_WARN_UNREACHABLE_CODE = YES;
				CLANG_WARN__DUPLICATE_METHOD_MATCH = YES;
				CODE_SIGN_IDENTITY = "iPhone Developer";
				COPY_PHASE_STRIP = NO;
				DEBUG_INFORMATION_FORMAT = "dwarf-with-dsym";
				ENABLE_NS_ASSERTIONS = NO;
				ENABLE_STRICT_OBJC_MSGSEND = YES;
				GCC_C_LANGUAGE_STANDARD = gnu11;
				GCC_NO_COMMON_BLOCKS = YES;
				GCC_WARN_64_TO_32_BIT_CONVERSION = YES;
				GCC_WARN_ABOUT_RETURN_TYPE = YES_ERROR;
				GCC_WARN_UNDECLARED_SELECTOR = YES;
				GCC_WARN_UNINITIALIZED_AUTOS = YES_AGGRESSIVE;
				GCC_WARN_UNUSED_FUNCTION = YES;
				GCC_WARN_UNUSED_VARIABLE = YES;
				IPHONEOS_DEPLOYMENT_TARGET = 11.3;
				MTL_ENABLE_DEBUG_INFO = NO;
				SDKROOT = iphoneos;
				SWIFT_COMPILATION_MODE = wholemodule;
				SWIFT_OPTIMIZATION_LEVEL = "-O";
				VALIDATE_PRODUCT = YES;
			};
			name = Release;
		};
		91DB2CCA20F7253B0004CCCF /* Debug */ = {
			isa = XCBuildConfiguration;
			buildSettings = {
				ASSETCATALOG_COMPILER_APPICON_NAME = AppIcon;
				CODE_SIGN_STYLE = Automatic;
				INFOPLIST_FILE = Pop/Info.plist;
				LD_RUNPATH_SEARCH_PATHS = (
					"$(inherited)",
					"@executable_path/Frameworks",
				);
				PRODUCT_BUNDLE_IDENTIFIER = com.xingl.Pop;
				PRODUCT_NAME = "$(TARGET_NAME)";
				SWIFT_VERSION = 4.2;
				TARGETED_DEVICE_FAMILY = "1,2";
			};
			name = Debug;
		};
		91DB2CCB20F7253B0004CCCF /* Release */ = {
			isa = XCBuildConfiguration;
			buildSettings = {
				ASSETCATALOG_COMPILER_APPICON_NAME = AppIcon;
				CODE_SIGN_STYLE = Automatic;
				INFOPLIST_FILE = Pop/Info.plist;
				LD_RUNPATH_SEARCH_PATHS = (
					"$(inherited)",
					"@executable_path/Frameworks",
				);
				PRODUCT_BUNDLE_IDENTIFIER = com.xingl.Pop;
				PRODUCT_NAME = "$(TARGET_NAME)";
				SWIFT_VERSION = 4.2;
				TARGETED_DEVICE_FAMILY = "1,2";
			};
			name = Release;
		};
/* End XCBuildConfiguration section */

/* Begin XCConfigurationList section */
		91DB2CB220F725390004CCCF /* Build configuration list for PBXProject "Pop" */ = {
			isa = XCConfigurationList;
			buildConfigurations = (
				91DB2CC720F7253B0004CCCF /* Debug */,
				91DB2CC820F7253B0004CCCF /* Release */,
			);
			defaultConfigurationIsVisible = 0;
			defaultConfigurationName = Release;
		};
		91DB2CC920F7253B0004CCCF /* Build configuration list for PBXNativeTarget "Pop" */ = {
			isa = XCConfigurationList;
			buildConfigurations = (
				91DB2CCA20F7253B0004CCCF /* Debug */,
				91DB2CCB20F7253B0004CCCF /* Release */,
			);
			defaultConfigurationIsVisible = 0;
			defaultConfigurationName = Release;
		};
/* End XCConfigurationList section */
	};
	rootObject = 91DB2CAF20F725390004CCCF /* Project object */;
}
